// !$*UTF8*$!
{
	archiveVersion = 1;
	classes = {
	};
	objectVersion = 51;
	objects = {

/* Begin PBXBuildFile section */
		4DD334FF26F430530028D3CC /* AppDelegate.swift in Sources */ = {isa = PBXBuildFile; fileRef = 4DD334FE26F430530028D3CC /* AppDelegate.swift */; };
		4DD3350126F430530028D3CC /* SceneDelegate.swift in Sources */ = {isa = PBXBuildFile; fileRef = 4DD3350026F430530028D3CC /* SceneDelegate.swift */; };
		4DD3350326F430530028D3CC /* ViewController.swift in Sources */ = {isa = PBXBuildFile; fileRef = 4DD3350226F430530028D3CC /* ViewController.swift */; };
		4DD3350626F430530028D3CC /* Main.storyboard in Resources */ = {isa = PBXBuildFile; fileRef = 4DD3350426F430530028D3CC /* Main.storyboard */; };
		4DD3350826F430590028D3CC /* Assets.xcassets in Resources */ = {isa = PBXBuildFile; fileRef = 4DD3350726F430590028D3CC /* Assets.xcassets */; };
		4DD3350B26F430590028D3CC /* LaunchScreen.storyboard in Resources */ = {isa = PBXBuildFile; fileRef = 4DD3350926F430590028D3CC /* LaunchScreen.storyboard */; };
		4DD3351626F4305A0028D3CC /* UIAutoLayoutFrameworkSwiftExampleTests.swift in Sources */ = {isa = PBXBuildFile; fileRef = 4DD3351526F4305A0028D3CC /* UIAutoLayoutFrameworkSwiftExampleTests.swift */; };
		4DD3352126F4305A0028D3CC /* UIAutoLayoutFrameworkSwiftExampleUITests.swift in Sources */ = {isa = PBXBuildFile; fileRef = 4DD3352026F4305A0028D3CC /* UIAutoLayoutFrameworkSwiftExampleUITests.swift */; };
		5BFA225B9DFCB366BB518BF6 /* Pods_UIAutoLayoutFrameworkSwiftExample.framework in Frameworks */ = {isa = PBXBuildFile; fileRef = DD8359C4E11BD5727A7D7CD4 /* Pods_UIAutoLayoutFrameworkSwiftExample.framework */; };
/* End PBXBuildFile section */

/* Begin PBXContainerItemProxy section */
		4DD3351226F4305A0028D3CC /* PBXContainerItemProxy */ = {
			isa = PBXContainerItemProxy;
			containerPortal = 4DD334F326F430520028D3CC /* Project object */;
			proxyType = 1;
			remoteGlobalIDString = 4DD334FA26F430520028D3CC;
			remoteInfo = UIAutoLayoutFrameworkSwiftExample;
		};
		4DD3351D26F4305A0028D3CC /* PBXContainerItemProxy */ = {
			isa = PBXContainerItemProxy;
			containerPortal = 4DD334F326F430520028D3CC /* Project object */;
			proxyType = 1;
			remoteGlobalIDString = 4DD334FA26F430520028D3CC;
			remoteInfo = UIAutoLayoutFrameworkSwiftExample;
		};
/* End PBXContainerItemProxy section */

/* Begin PBXFileReference section */
		210C05694C90B7EA8515C560 /* Pods-UIAutoLayoutFrameworkSwiftExample.debug.xcconfig */ = {isa = PBXFileReference; includeInIndex = 1; lastKnownFileType = text.xcconfig; name = "Pods-UIAutoLayoutFrameworkSwiftExample.debug.xcconfig"; path = "Target Support Files/Pods-UIAutoLayoutFrameworkSwiftExample/Pods-UIAutoLayoutFrameworkSwiftExample.debug.xcconfig"; sourceTree = "<group>"; };
		4DD334FB26F430530028D3CC /* UIAutoLayoutFrameworkSwiftExample.app */ = {isa = PBXFileReference; explicitFileType = wrapper.application; includeInIndex = 0; path = UIAutoLayoutFrameworkSwiftExample.app; sourceTree = BUILT_PRODUCTS_DIR; };
		4DD334FE26F430530028D3CC /* AppDelegate.swift */ = {isa = PBXFileReference; lastKnownFileType = sourcecode.swift; path = AppDelegate.swift; sourceTree = "<group>"; };
		4DD3350026F430530028D3CC /* SceneDelegate.swift */ = {isa = PBXFileReference; lastKnownFileType = sourcecode.swift; path = SceneDelegate.swift; sourceTree = "<group>"; };
		4DD3350226F430530028D3CC /* ViewController.swift */ = {isa = PBXFileReference; lastKnownFileType = sourcecode.swift; path = ViewController.swift; sourceTree = "<group>"; };
		4DD3350526F430530028D3CC /* Base */ = {isa = PBXFileReference; lastKnownFileType = file.storyboard; name = Base; path = Base.lproj/Main.storyboard; sourceTree = "<group>"; };
		4DD3350726F430590028D3CC /* Assets.xcassets */ = {isa = PBXFileReference; lastKnownFileType = folder.assetcatalog; path = Assets.xcassets; sourceTree = "<group>"; };
		4DD3350A26F430590028D3CC /* Base */ = {isa = PBXFileReference; lastKnownFileType = file.storyboard; name = Base; path = Base.lproj/LaunchScreen.storyboard; sourceTree = "<group>"; };
		4DD3350C26F430590028D3CC /* Info.plist */ = {isa = PBXFileReference; lastKnownFileType = text.plist.xml; path = Info.plist; sourceTree = "<group>"; };
		4DD3351126F4305A0028D3CC /* UIAutoLayoutFrameworkSwiftExampleTests.xctest */ = {isa = PBXFileReference; explicitFileType = wrapper.cfbundle; includeInIndex = 0; path = UIAutoLayoutFrameworkSwiftExampleTests.xctest; sourceTree = BUILT_PRODUCTS_DIR; };
		4DD3351526F4305A0028D3CC /* UIAutoLayoutFrameworkSwiftExampleTests.swift */ = {isa = PBXFileReference; lastKnownFileType = sourcecode.swift; path = UIAutoLayoutFrameworkSwiftExampleTests.swift; sourceTree = "<group>"; };
		4DD3351726F4305A0028D3CC /* Info.plist */ = {isa = PBXFileReference; lastKnownFileType = text.plist.xml; path = Info.plist; sourceTree = "<group>"; };
		4DD3351C26F4305A0028D3CC /* UIAutoLayoutFrameworkSwiftExampleUITests.xctest */ = {isa = PBXFileReference; explicitFileType = wrapper.cfbundle; includeInIndex = 0; path = UIAutoLayoutFrameworkSwiftExampleUITests.xctest; sourceTree = BUILT_PRODUCTS_DIR; };
		4DD3352026F4305A0028D3CC /* UIAutoLayoutFrameworkSwiftExampleUITests.swift */ = {isa = PBXFileReference; lastKnownFileType = sourcecode.swift; path = UIAutoLayoutFrameworkSwiftExampleUITests.swift; sourceTree = "<group>"; };
		4DD3352226F4305A0028D3CC /* Info.plist */ = {isa = PBXFileReference; lastKnownFileType = text.plist.xml; path = Info.plist; sourceTree = "<group>"; };
		5285814A49E456B3192ADBED /* Pods-UIAutoLayoutFrameworkSwiftExample.release.xcconfig */ = {isa = PBXFileReference; includeInIndex = 1; lastKnownFileType = text.xcconfig; name = "Pods-UIAutoLayoutFrameworkSwiftExample.release.xcconfig"; path = "Target Support Files/Pods-UIAutoLayoutFrameworkSwiftExample/Pods-UIAutoLayoutFrameworkSwiftExample.release.xcconfig"; sourceTree = "<group>"; };
		DD8359C4E11BD5727A7D7CD4 /* Pods_UIAutoLayoutFrameworkSwiftExample.framework */ = {isa = PBXFileReference; explicitFileType = wrapper.framework; includeInIndex = 0; path = Pods_UIAutoLayoutFrameworkSwiftExample.framework; sourceTree = BUILT_PRODUCTS_DIR; };
/* End PBXFileReference section */

/* Begin PBXFrameworksBuildPhase section */
		4DD334F826F430520028D3CC /* Frameworks */ = {
			isa = PBXFrameworksBuildPhase;
			buildActionMask = 2147483647;
			files = (
				5BFA225B9DFCB366BB518BF6 /* Pods_UIAutoLayoutFrameworkSwiftExample.framework in Frameworks */,
			);
			runOnlyForDeploymentPostprocessing = 0;
		};
		4DD3350E26F4305A0028D3CC /* Frameworks */ = {
			isa = PBXFrameworksBuildPhase;
			buildActionMask = 2147483647;
			files = (
			);
			runOnlyForDeploymentPostprocessing = 0;
		};
		4DD3351926F4305A0028D3CC /* Frameworks */ = {
			isa = PBXFrameworksBuildPhase;
			buildActionMask = 2147483647;
			files = (
			);
			runOnlyForDeploymentPostprocessing = 0;
		};
/* End PBXFrameworksBuildPhase section */

/* Begin PBXGroup section */
		446A7987549BB3629E0C8918 /* Frameworks */ = {
			isa = PBXGroup;
			children = (
				DD8359C4E11BD5727A7D7CD4 /* Pods_UIAutoLayoutFrameworkSwiftExample.framework */,
			);
			name = Frameworks;
			sourceTree = "<group>";
		};
		4DD334F226F430520028D3CC = {
			isa = PBXGroup;
			children = (
				4DD334FD26F430530028D3CC /* UIAutoLayoutFrameworkSwiftExample */,
				4DD3351426F4305A0028D3CC /* UIAutoLayoutFrameworkSwiftExampleTests */,
				4DD3351F26F4305A0028D3CC /* UIAutoLayoutFrameworkSwiftExampleUITests */,
				4DD334FC26F430530028D3CC /* Products */,
				5CAD1968FD9FB5CE1D5FA364 /* Pods */,
				446A7987549BB3629E0C8918 /* Frameworks */,
			);
			sourceTree = "<group>";
		};
		4DD334FC26F430530028D3CC /* Products */ = {
			isa = PBXGroup;
			children = (
				4DD334FB26F430530028D3CC /* UIAutoLayoutFrameworkSwiftExample.app */,
				4DD3351126F4305A0028D3CC /* UIAutoLayoutFrameworkSwiftExampleTests.xctest */,
				4DD3351C26F4305A0028D3CC /* UIAutoLayoutFrameworkSwiftExampleUITests.xctest */,
			);
			name = Products;
			sourceTree = "<group>";
		};
		4DD334FD26F430530028D3CC /* UIAutoLayoutFrameworkSwiftExample */ = {
			isa = PBXGroup;
			children = (
				4DD334FE26F430530028D3CC /* AppDelegate.swift */,
				4DD3350026F430530028D3CC /* SceneDelegate.swift */,
				4DD3350226F430530028D3CC /* ViewController.swift */,
				4DD3350426F430530028D3CC /* Main.storyboard */,
				4DD3350726F430590028D3CC /* Assets.xcassets */,
				4DD3350926F430590028D3CC /* LaunchScreen.storyboard */,
				4DD3350C26F430590028D3CC /* Info.plist */,
			);
			path = UIAutoLayoutFrameworkSwiftExample;
			sourceTree = "<group>";
		};
		4DD3351426F4305A0028D3CC /* UIAutoLayoutFrameworkSwiftExampleTests */ = {
			isa = PBXGroup;
			children = (
				4DD3351526F4305A0028D3CC /* UIAutoLayoutFrameworkSwiftExampleTests.swift */,
				4DD3351726F4305A0028D3CC /* Info.plist */,
			);
			path = UIAutoLayoutFrameworkSwiftExampleTests;
			sourceTree = "<group>";
		};
		4DD3351F26F4305A0028D3CC /* UIAutoLayoutFrameworkSwiftExampleUITests */ = {
			isa = PBXGroup;
			children = (
				4DD3352026F4305A0028D3CC /* UIAutoLayoutFrameworkSwiftExampleUITests.swift */,
				4DD3352226F4305A0028D3CC /* Info.plist */,
			);
			path = UIAutoLayoutFrameworkSwiftExampleUITests;
			sourceTree = "<group>";
		};
		5CAD1968FD9FB5CE1D5FA364 /* Pods */ = {
			isa = PBXGroup;
			children = (
				210C05694C90B7EA8515C560 /* Pods-UIAutoLayoutFrameworkSwiftExample.debug.xcconfig */,
				5285814A49E456B3192ADBED /* Pods-UIAutoLayoutFrameworkSwiftExample.release.xcconfig */,
			);
			path = Pods;
			sourceTree = "<group>";
		};
/* End PBXGroup section */

/* Begin PBXNativeTarget section */
		4DD334FA26F430520028D3CC /* UIAutoLayoutFrameworkSwiftExample */ = {
			isa = PBXNativeTarget;
			buildConfigurationList = 4DD3352526F4305A0028D3CC /* Build configuration list for PBXNativeTarget "UIAutoLayoutFrameworkSwiftExample" */;
			buildPhases = (
				4F322EF53998021E0CD81F4D /* [CP] Check Pods Manifest.lock */,
				4DD334F726F430520028D3CC /* Sources */,
				4DD334F826F430520028D3CC /* Frameworks */,
				4DD334F926F430520028D3CC /* Resources */,
				AE459D66083ABC56304E51B7 /* [CP] Embed Pods Frameworks */,
			);
			buildRules = (
			);
			dependencies = (
			);
			name = UIAutoLayoutFrameworkSwiftExample;
			productName = UIAutoLayoutFrameworkSwiftExample;
			productReference = 4DD334FB26F430530028D3CC /* UIAutoLayoutFrameworkSwiftExample.app */;
			productType = "com.apple.product-type.application";
		};
		4DD3351026F4305A0028D3CC /* UIAutoLayoutFrameworkSwiftExampleTests */ = {
			isa = PBXNativeTarget;
			buildConfigurationList = 4DD3352826F4305A0028D3CC /* Build configuration list for PBXNativeTarget "UIAutoLayoutFrameworkSwiftExampleTests" */;
			buildPhases = (
				4DD3350D26F4305A0028D3CC /* Sources */,
				4DD3350E26F4305A0028D3CC /* Frameworks */,
				4DD3350F26F4305A0028D3CC /* Resources */,
			);
			buildRules = (
			);
			dependencies = (
				4DD3351326F4305A0028D3CC /* PBXTargetDependency */,
			);
			name = UIAutoLayoutFrameworkSwiftExampleTests;
			productName = UIAutoLayoutFrameworkSwiftExampleTests;
			productReference = 4DD3351126F4305A0028D3CC /* UIAutoLayoutFrameworkSwiftExampleTests.xctest */;
			productType = "com.apple.product-type.bundle.unit-test";
		};
		4DD3351B26F4305A0028D3CC /* UIAutoLayoutFrameworkSwiftExampleUITests */ = {
			isa = PBXNativeTarget;
			buildConfigurationList = 4DD3352B26F4305A0028D3CC /* Build configuration list for PBXNativeTarget "UIAutoLayoutFrameworkSwiftExampleUITests" */;
			buildPhases = (
				4DD3351826F4305A0028D3CC /* Sources */,
				4DD3351926F4305A0028D3CC /* Frameworks */,
				4DD3351A26F4305A0028D3CC /* Resources */,
			);
			buildRules = (
			);
			dependencies = (
				4DD3351E26F4305A0028D3CC /* PBXTargetDependency */,
			);
			name = UIAutoLayoutFrameworkSwiftExampleUITests;
			productName = UIAutoLayoutFrameworkSwiftExampleUITests;
			productReference = 4DD3351C26F4305A0028D3CC /* UIAutoLayoutFrameworkSwiftExampleUITests.xctest */;
			productType = "com.apple.product-type.bundle.ui-testing";
		};
/* End PBXNativeTarget section */

/* Begin PBXProject section */
		4DD334F326F430520028D3CC /* Project object */ = {
			isa = PBXProject;
			attributes = {
				LastSwiftUpdateCheck = 1250;
				LastUpgradeCheck = 1250;
				TargetAttributes = {
					4DD334FA26F430520028D3CC = {
						CreatedOnToolsVersion = 12.5.1;
					};
					4DD3351026F4305A0028D3CC = {
						CreatedOnToolsVersion = 12.5.1;
						TestTargetID = 4DD334FA26F430520028D3CC;
					};
					4DD3351B26F4305A0028D3CC = {
						CreatedOnToolsVersion = 12.5.1;
						TestTargetID = 4DD334FA26F430520028D3CC;
					};
				};
			};
			buildConfigurationList = 4DD334F626F430520028D3CC /* Build configuration list for PBXProject "UIAutoLayoutFrameworkSwiftExample" */;
			compatibilityVersion = "Xcode 9.3";
			developmentRegion = en;
			hasScannedForEncodings = 0;
			knownRegions = (
				en,
				Base,
			);
			mainGroup = 4DD334F226F430520028D3CC;
			productRefGroup = 4DD334FC26F430530028D3CC /* Products */;
			projectDirPath = "";
			projectRoot = "";
			targets = (
				4DD334FA26F430520028D3CC /* UIAutoLayoutFrameworkSwiftExample */,
				4DD3351026F4305A0028D3CC /* UIAutoLayoutFrameworkSwiftExampleTests */,
				4DD3351B26F4305A0028D3CC /* UIAutoLayoutFrameworkSwiftExampleUITests */,
			);
		};
/* End PBXProject section */

/* Begin PBXResourcesBuildPhase section */
		4DD334F926F430520028D3CC /* Resources */ = {
			isa = PBXResourcesBuildPhase;
			buildActionMask = 2147483647;
			files = (
				4DD3350B26F430590028D3CC /* LaunchScreen.storyboard in Resources */,
				4DD3350826F430590028D3CC /* Assets.xcassets in Resources */,
				4DD3350626F430530028D3CC /* Main.storyboard in Resources */,
			);
			runOnlyForDeploymentPostprocessing = 0;
		};
		4DD3350F26F4305A0028D3CC /* Resources */ = {
			isa = PBXResourcesBuildPhase;
			buildActionMask = 2147483647;
			files = (
			);
			runOnlyForDeploymentPostprocessing = 0;
		};
		4DD3351A26F4305A0028D3CC /* Resources */ = {
			isa = PBXResourcesBuildPhase;
			buildActionMask = 2147483647;
			files = (
			);
			runOnlyForDeploymentPostprocessing = 0;
		};
/* End PBXResourcesBuildPhase section */

/* Begin PBXShellScriptBuildPhase section */
		4F322EF53998021E0CD81F4D /* [CP] Check Pods Manifest.lock */ = {
			isa = PBXShellScriptBuildPhase;
			buildActionMask = 2147483647;
			files = (
			);
			inputFileListPaths = (
			);
			inputPaths = (
				"${PODS_PODFILE_DIR_PATH}/Podfile.lock",
				"${PODS_ROOT}/Manifest.lock",
			);
			name = "[CP] Check Pods Manifest.lock";
			outputFileListPaths = (
			);
			outputPaths = (
				"$(DERIVED_FILE_DIR)/Pods-UIAutoLayoutFrameworkSwiftExample-checkManifestLockResult.txt",
			);
			runOnlyForDeploymentPostprocessing = 0;
			shellPath = /bin/sh;
			shellScript = "diff \"${PODS_PODFILE_DIR_PATH}/Podfile.lock\" \"${PODS_ROOT}/Manifest.lock\" > /dev/null\nif [ $? != 0 ] ; then\n    # print error to STDERR\n    echo \"error: The sandbox is not in sync with the Podfile.lock. Run 'pod install' or update your CocoaPods installation.\" >&2\n    exit 1\nfi\n# This output is used by Xcode 'outputs' to avoid re-running this script phase.\necho \"SUCCESS\" > \"${SCRIPT_OUTPUT_FILE_0}\"\n";
			showEnvVarsInLog = 0;
		};
		AE459D66083ABC56304E51B7 /* [CP] Embed Pods Frameworks */ = {
			isa = PBXShellScriptBuildPhase;
			buildActionMask = 2147483647;
			files = (
			);
			inputFileListPaths = (
				"${PODS_ROOT}/Target Support Files/Pods-UIAutoLayoutFrameworkSwiftExample/Pods-UIAutoLayoutFrameworkSwiftExample-frameworks-${CONFIGURATION}-input-files.xcfilelist",
			);
			name = "[CP] Embed Pods Frameworks";
			outputFileListPaths = (
				"${PODS_ROOT}/Target Support Files/Pods-UIAutoLayoutFrameworkSwiftExample/Pods-UIAutoLayoutFrameworkSwiftExample-frameworks-${CONFIGURATION}-output-files.xcfilelist",
			);
			runOnlyForDeploymentPostprocessing = 0;
			shellPath = /bin/sh;
			shellScript = "\"${PODS_ROOT}/Target Support Files/Pods-UIAutoLayoutFrameworkSwiftExample/Pods-UIAutoLayoutFrameworkSwiftExample-frameworks.sh\"\n";
			showEnvVarsInLog = 0;
		};
/* End PBXShellScriptBuildPhase section */

/* Begin PBXSourcesBuildPhase section */
		4DD334F726F430520028D3CC /* Sources */ = {
			isa = PBXSourcesBuildPhase;
			buildActionMask = 2147483647;
			files = (
				4DD3350326F430530028D3CC /* ViewController.swift in Sources */,
				4DD334FF26F430530028D3CC /* AppDelegate.swift in Sources */,
				4DD3350126F430530028D3CC /* SceneDelegate.swift in Sources */,
			);
			runOnlyForDeploymentPostprocessing = 0;
		};
		4DD3350D26F4305A0028D3CC /* Sources */ = {
			isa = PBXSourcesBuildPhase;
			buildActionMask = 2147483647;
			files = (
				4DD3351626F4305A0028D3CC /* UIAutoLayoutFrameworkSwiftExampleTests.swift in Sources */,
			);
			runOnlyForDeploymentPostprocessing = 0;
		};
		4DD3351826F4305A0028D3CC /* Sources */ = {
			isa = PBXSourcesBuildPhase;
			buildActionMask = 2147483647;
			files = (
				4DD3352126F4305A0028D3CC /* UIAutoLayoutFrameworkSwiftExampleUITests.swift in Sources */,
			);
			runOnlyForDeploymentPostprocessing = 0;
		};
/* End PBXSourcesBuildPhase section */

/* Begin PBXTargetDependency section */
		4DD3351326F4305A0028D3CC /* PBXTargetDependency */ = {
			isa = PBXTargetDependency;
			target = 4DD334FA26F430520028D3CC /* UIAutoLayoutFrameworkSwiftExample */;
			targetProxy = 4DD3351226F4305A0028D3CC /* PBXContainerItemProxy */;
		};
		4DD3351E26F4305A0028D3CC /* PBXTargetDependency */ = {
			isa = PBXTargetDependency;
			target = 4DD334FA26F430520028D3CC /* UIAutoLayoutFrameworkSwiftExample */;
			targetProxy = 4DD3351D26F4305A0028D3CC /* PBXContainerItemProxy */;
		};
/* End PBXTargetDependency section */

/* Begin PBXVariantGroup section */
		4DD3350426F430530028D3CC /* Main.storyboard */ = {
			isa = PBXVariantGroup;
			children = (
				4DD3350526F430530028D3CC /* Base */,
			);
			name = Main.storyboard;
			sourceTree = "<group>";
		};
		4DD3350926F430590028D3CC /* LaunchScreen.storyboard */ = {
			isa = PBXVariantGroup;
			children = (
				4DD3350A26F430590028D3CC /* Base */,
			);
			name = LaunchScreen.storyboard;
			sourceTree = "<group>";
		};
/* End PBXVariantGroup section */

/* Begin XCBuildConfiguration section */
		4DD3352326F4305A0028D3CC /* Debug */ = {
			isa = XCBuildConfiguration;
			buildSettings = {
				ALWAYS_SEARCH_USER_PATHS = NO;
				CLANG_ANALYZER_NONNULL = YES;
				CLANG_ANALYZER_NUMBER_OBJECT_CONVERSION = YES_AGGRESSIVE;
				CLANG_CXX_LANGUAGE_STANDARD = "gnu++14";
				CLANG_CXX_LIBRARY = "libc++";
				CLANG_ENABLE_MODULES = YES;
				CLANG_ENABLE_OBJC_ARC = YES;
				CLANG_ENABLE_OBJC_WEAK = YES;
				CLANG_WARN_BLOCK_CAPTURE_AUTORELEASING = YES;
				CLANG_WARN_BOOL_CONVERSION = YES;
				CLANG_WARN_COMMA = YES;
				CLANG_WARN_CONSTANT_CONVERSION = YES;
				CLANG_WARN_DEPRECATED_OBJC_IMPLEMENTATIONS = YES;
				CLANG_WARN_DIRECT_OBJC_ISA_USAGE = YES_ERROR;
				CLANG_WARN_DOCUMENTATION_COMMENTS = YES;
				CLANG_WARN_EMPTY_BODY = YES;
				CLANG_WARN_ENUM_CONVERSION = YES;
				CLANG_WARN_INFINITE_RECURSION = YES;
				CLANG_WARN_INT_CONVERSION = YES;
				CLANG_WARN_NON_LITERAL_NULL_CONVERSION = YES;
				CLANG_WARN_OBJC_IMPLICIT_RETAIN_SELF = YES;
				CLANG_WARN_OBJC_LITERAL_CONVERSION = YES;
				CLANG_WARN_OBJC_ROOT_CLASS = YES_ERROR;
				CLANG_WARN_QUOTED_INCLUDE_IN_FRAMEWORK_HEADER = YES;
				CLANG_WARN_RANGE_LOOP_ANALYSIS = YES;
				CLANG_WARN_STRICT_PROTOTYPES = YES;
				CLANG_WARN_SUSPICIOUS_MOVE = YES;
				CLANG_WARN_UNGUARDED_AVAILABILITY = YES_AGGRESSIVE;
				CLANG_WARN_UNREACHABLE_CODE = YES;
				CLANG_WARN__DUPLICATE_METHOD_MATCH = YES;
				COPY_PHASE_STRIP = NO;
				DEBUG_INFORMATION_FORMAT = dwarf;
				ENABLE_STRICT_OBJC_MSGSEND = YES;
				ENABLE_TESTABILITY = YES;
				GCC_C_LANGUAGE_STANDARD = gnu11;
				GCC_DYNAMIC_NO_PIC = NO;
				GCC_NO_COMMON_BLOCKS = YES;
				GCC_OPTIMIZATION_LEVEL = 0;
				GCC_PREPROCESSOR_DEFINITIONS = (
					"DEBUG=1",
					"$(inherited)",
				);
				GCC_WARN_64_TO_32_BIT_CONVERSION = YES;
				GCC_WARN_ABOUT_RETURN_TYPE = YES_ERROR;
				GCC_WARN_UNDECLARED_SELECTOR = YES;
				GCC_WARN_UNINITIALIZED_AUTOS = YES_AGGRESSIVE;
				GCC_WARN_UNUSED_FUNCTION = YES;
				GCC_WARN_UNUSED_VARIABLE = YES;
				IPHONEOS_DEPLOYMENT_TARGET = 14.5;
				MTL_ENABLE_DEBUG_INFO = INCLUDE_SOURCE;
				MTL_FAST_MATH = YES;
				ONLY_ACTIVE_ARCH = YES;
				SDKROOT = iphoneos;
				SWIFT_ACTIVE_COMPILATION_CONDITIONS = DEBUG;
				SWIFT_OPTIMIZATION_LEVEL = "-Onone";
			};
			name = Debug;
		};
		4DD3352426F4305A0028D3CC /* Release */ = {
			isa = XCBuildConfiguration;
			buildSettings = {
				ALWAYS_SEARCH_USER_PATHS = NO;
				CLANG_ANALYZER_NONNULL = YES;
				CLANG_ANALYZER_NUMBER_OBJECT_CONVERSION = YES_AGGRESSIVE;
				CLANG_CXX_LANGUAGE_STANDARD = "gnu++14";
				CLANG_CXX_LIBRARY = "libc++";
				CLANG_ENABLE_MODULES = YES;
				CLANG_ENABLE_OBJC_ARC = YES;
				CLANG_ENABLE_OBJC_WEAK = YES;
				CLANG_WARN_BLOCK_CAPTURE_AUTORELEASING = YES;
				CLANG_WARN_BOOL_CONVERSION = YES;
				CLANG_WARN_COMMA = YES;
				CLANG_WARN_CONSTANT_CONVERSION = YES;
				CLANG_WARN_DEPRECATED_OBJC_IMPLEMENTATIONS = YES;
				CLANG_WARN_DIRECT_OBJC_ISA_USAGE = YES_ERROR;
				CLANG_WARN_DOCUMENTATION_COMMENTS = YES;
				CLANG_WARN_EMPTY_BODY = YES;
				CLANG_WARN_ENUM_CONVERSION = YES;
				CLANG_WARN_INFINITE_RECURSION = YES;
				CLANG_WARN_INT_CONVERSION = YES;
				CLANG_WARN_NON_LITERAL_NULL_CONVERSION = YES;
				CLANG_WARN_OBJC_IMPLICIT_RETAIN_SELF = YES;
				CLANG_WARN_OBJC_LITERAL_CONVERSION = YES;
				CLANG_WARN_OBJC_ROOT_CLASS = YES_ERROR;
				CLANG_WARN_QUOTED_INCLUDE_IN_FRAMEWORK_HEADER = YES;
				CLANG_WARN_RANGE_LOOP_ANALYSIS = YES;
				CLANG_WARN_STRICT_PROTOTYPES = YES;
				CLANG_WARN_SUSPICIOUS_MOVE = YES;
				CLANG_WARN_UNGUARDED_AVAILABILITY = YES_AGGRESSIVE;
				CLANG_WARN_UNREACHABLE_CODE = YES;
				CLANG_WARN__DUPLICATE_METHOD_MATCH = YES;
				COPY_PHASE_STRIP = NO;
				DEBUG_INFORMATION_FORMAT = "dwarf-with-dsym";
				ENABLE_NS_ASSERTIONS = NO;
				ENABLE_STRICT_OBJC_MSGSEND = YES;
				GCC_C_LANGUAGE_STANDARD = gnu11;
				GCC_NO_COMMON_BLOCKS = YES;
				GCC_WARN_64_TO_32_BIT_CONVERSION = YES;
				GCC_WARN_ABOUT_RETURN_TYPE = YES_ERROR;
				GCC_WARN_UNDECLARED_SELECTOR = YES;
				GCC_WARN_UNINITIALIZED_AUTOS = YES_AGGRESSIVE;
				GCC_WARN_UNUSED_FUNCTION = YES;
				GCC_WARN_UNUSED_VARIABLE = YES;
				IPHONEOS_DEPLOYMENT_TARGET = 14.5;
				MTL_ENABLE_DEBUG_INFO = NO;
				MTL_FAST_MATH = YES;
				SDKROOT = iphoneos;
				SWIFT_COMPILATION_MODE = wholemodule;
				SWIFT_OPTIMIZATION_LEVEL = "-O";
				VALIDATE_PRODUCT = YES;
			};
			name = Release;
		};
		4DD3352626F4305A0028D3CC /* Debug */ = {
			isa = XCBuildConfiguration;
			baseConfigurationReference = 210C05694C90B7EA8515C560 /* Pods-UIAutoLayoutFrameworkSwiftExample.debug.xcconfig */;
			buildSettings = {
				ASSETCATALOG_COMPILER_APPICON_NAME = AppIcon;
				ASSETCATALOG_COMPILER_GLOBAL_ACCENT_COLOR_NAME = AccentColor;
				CODE_SIGN_STYLE = Automatic;
				DEVELOPMENT_TEAM = XK44G7QLT3;
				INFOPLIST_FILE = UIAutoLayoutFrameworkSwiftExample/Info.plist;
				IPHONEOS_DEPLOYMENT_TARGET = 13.0;
				LD_RUNPATH_SEARCH_PATHS = (
					"$(inherited)",
					"@executable_path/Frameworks",
				);
				PRODUCT_BUNDLE_IDENTIFIER = com.JNL.UIAutoLayoutFrameworkSwiftExample;
				PRODUCT_NAME = "$(TARGET_NAME)";
				SWIFT_VERSION = 5.0;
				TARGETED_DEVICE_FAMILY = 1;
			};
			name = Debug;
		};
		4DD3352726F4305A0028D3CC /* Release */ = {
			isa = XCBuildConfiguration;
			baseConfigurationReference = 5285814A49E456B3192ADBED /* Pods-UIAutoLayoutFrameworkSwiftExample.release.xcconfig */;
			buildSettings = {
				ASSETCATALOG_COMPILER_APPICON_NAME = AppIcon;
				ASSETCATALOG_COMPILER_GLOBAL_ACCENT_COLOR_NAME = AccentColor;
				CODE_SIGN_STYLE = Automatic;
				DEVELOPMENT_TEAM = XK44G7QLT3;
				INFOPLIST_FILE = UIAutoLayoutFrameworkSwiftExample/Info.plist;
				IPHONEOS_DEPLOYMENT_TARGET = 13.0;
				LD_RUNPATH_SEARCH_PATHS = (
					"$(inherited)",
					"@executable_path/Frameworks",
				);
				PRODUCT_BUNDLE_IDENTIFIER = com.JNL.UIAutoLayoutFrameworkSwiftExample;
				PRODUCT_NAME = "$(TARGET_NAME)";
				SWIFT_VERSION = 5.0;
				TARGETED_DEVICE_FAMILY = 1;
			};
			name = Release;
		};
		4DD3352926F4305A0028D3CC /* Debug */ = {
			isa = XCBuildConfiguration;
			buildSettings = {
				ALWAYS_EMBED_SWIFT_STANDARD_LIBRARIES = YES;
				BUNDLE_LOADER = "$(TEST_HOST)";
				CODE_SIGN_STYLE = Automatic;
				DEVELOPMENT_TEAM = XK44G7QLT3;
				INFOPLIST_FILE = UIAutoLayoutFrameworkSwiftExampleTests/Info.plist;
				IPHONEOS_DEPLOYMENT_TARGET = 14.5;
				LD_RUNPATH_SEARCH_PATHS = (
					"$(inherited)",
					"@executable_path/Frameworks",
					"@loader_path/Frameworks",
				);
				PRODUCT_BUNDLE_IDENTIFIER = com.JNL.UIAutoLayoutFrameworkSwiftExampleTests;
				PRODUCT_NAME = "$(TARGET_NAME)";
				SWIFT_VERSION = 5.0;
				TARGETED_DEVICE_FAMILY = "1,2";
				TEST_HOST = "$(BUILT_PRODUCTS_DIR)/UIAutoLayoutFrameworkSwiftExample.app/UIAutoLayoutFrameworkSwiftExample";
			};
			name = Debug;
		};
		4DD3352A26F4305A0028D3CC /* Release */ = {
			isa = XCBuildConfiguration;
			buildSettings = {
				ALWAYS_EMBED_SWIFT_STANDARD_LIBRARIES = YES;
				BUNDLE_LOADER = "$(TEST_HOST)";
				CODE_SIGN_STYLE = Automatic;
				DEVELOPMENT_TEAM = XK44G7QLT3;
				INFOPLIST_FILE = UIAutoLayoutFrameworkSwiftExampleTests/Info.plist;
				IPHONEOS_DEPLOYMENT_TARGET = 14.5;
				LD_RUNPATH_SEARCH_PATHS = (
					"$(inherited)",
					"@executable_path/Frameworks",
					"@loader_path/Frameworks",
				);
				PRODUCT_BUNDLE_IDENTIFIER = com.JNL.UIAutoLayoutFrameworkSwiftExampleTests;
				PRODUCT_NAME = "$(TARGET_NAME)";
				SWIFT_VERSION = 5.0;
				TARGETED_DEVICE_FAMILY = "1,2";
				TEST_HOST = "$(BUILT_PRODUCTS_DIR)/UIAutoLayoutFrameworkSwiftExample.app/UIAutoLayoutFrameworkSwiftExample";
			};
			name = Release;
		};
		4DD3352C26F4305A0028D3CC /* Debug */ = {
			isa = XCBuildConfiguration;
			buildSettings = {
				ALWAYS_EMBED_SWIFT_STANDARD_LIBRARIES = YES;
				CODE_SIGN_STYLE = Automatic;
				DEVELOPMENT_TEAM = XK44G7QLT3;
				INFOPLIST_FILE = UIAutoLayoutFrameworkSwiftExampleUITests/Info.plist;
				LD_RUNPATH_SEARCH_PATHS = (
					"$(inherited)",
					"@executable_path/Frameworks",
					"@loader_path/Frameworks",
				);
				PRODUCT_BUNDLE_IDENTIFIER = com.JNL.UIAutoLayoutFrameworkSwiftExampleUITests;
				PRODUCT_NAME = "$(TARGET_NAME)";
				SWIFT_VERSION = 5.0;
				TARGETED_DEVICE_FAMILY = "1,2";
				TEST_TARGET_NAME = UIAutoLayoutFrameworkSwiftExample;
			};
			name = Debug;
		};
		4DD3352D26F4305A0028D3CC /* Release */ = {
			isa = XCBuildConfiguration;
			buildSettings = {
				ALWAYS_EMBED_SWIFT_STANDARD_LIBRARIES = YES;
				CODE_SIGN_STYLE = Automatic;
				DEVELOPMENT_TEAM = XK44G7QLT3;
				INFOPLIST_FILE = UIAutoLayoutFrameworkSwiftExampleUITests/Info.plist;
				LD_RUNPATH_SEARCH_PATHS = (
					"$(inherited)",
					"@executable_path/Frameworks",
					"@loader_path/Frameworks",
				);
				PRODUCT_BUNDLE_IDENTIFIER = com.JNL.UIAutoLayoutFrameworkSwiftExampleUITests;
				PRODUCT_NAME = "$(TARGET_NAME)";
				SWIFT_VERSION = 5.0;
				TARGETED_DEVICE_FAMILY = "1,2";
				TEST_TARGET_NAME = UIAutoLayoutFrameworkSwiftExample;
			};
			name = Release;
		};
/* End XCBuildConfiguration section */

/* Begin XCConfigurationList section */
		4DD334F626F430520028D3CC /* Build configuration list for PBXProject "UIAutoLayoutFrameworkSwiftExample" */ = {
			isa = XCConfigurationList;
			buildConfigurations = (
				4DD3352326F4305A0028D3CC /* Debug */,
				4DD3352426F4305A0028D3CC /* Release */,
			);
			defaultConfigurationIsVisible = 0;
			defaultConfigurationName = Release;
		};
		4DD3352526F4305A0028D3CC /* Build configuration list for PBXNativeTarget "UIAutoLayoutFrameworkSwiftExample" */ = {
			isa = XCConfigurationList;
			buildConfigurations = (
				4DD3352626F4305A0028D3CC /* Debug */,
				4DD3352726F4305A0028D3CC /* Release */,
			);
			defaultConfigurationIsVisible = 0;
			defaultConfigurationName = Release;
		};
		4DD3352826F4305A0028D3CC /* Build configuration list for PBXNativeTarget "UIAutoLayoutFrameworkSwiftExampleTests" */ = {
			isa = XCConfigurationList;
			buildConfigurations = (
				4DD3352926F4305A0028D3CC /* Debug */,
				4DD3352A26F4305A0028D3CC /* Release */,
			);
			defaultConfigurationIsVisible = 0;
			defaultConfigurationName = Release;
		};
		4DD3352B26F4305A0028D3CC /* Build configuration list for PBXNativeTarget "UIAutoLayoutFrameworkSwiftExampleUITests" */ = {
			isa = XCConfigurationList;
			buildConfigurations = (
				4DD3352C26F4305A0028D3CC /* Debug */,
				4DD3352D26F4305A0028D3CC /* Release */,
			);
			defaultConfigurationIsVisible = 0;
			defaultConfigurationName = Release;
		};
/* End XCConfigurationList section */
	};
	rootObject = 4DD334F326F430520028D3CC /* Project object */;
}
